# THIS IS AN AUTOGENERATED FILE. DO NOT EDIT THIS FILE DIRECTLY.
# yarn lockfile v1


"@shopify/images@^1.1.0":
  version "1.1.5"
  resolved "https://registry.yarnpkg.com/@shopify/images/-/images-1.1.5.tgz#f7ae5d5801b4550085480825ceda66420d9ff700"

"@shopify/javascript-utilities@^2.1.0", "@shopify/javascript-utilities@^2.2.0":
  version "2.2.0"
  resolved "https://registry.yarnpkg.com/@shopify/javascript-utilities/-/javascript-utilities-2.2.0.tgz#948d44d4068d602136b0d72de66eed49820e2374"
  dependencies:
    "@types/lodash" "^4.14.65"
    "@types/react" "^16.0.2"
    lodash "^4.17.4"
    lodash-decorators "^4.3.5"

"@shopify/polaris@^2.0.0":
  version "2.5.0"
  resolved "https://registry.yarnpkg.com/@shopify/polaris/-/polaris-2.5.0.tgz#61375dbf03d23fefedc92d0726aa7dd13ae600de"
  dependencies:
    "@shopify/images" "^1.1.0"
    "@shopify/javascript-utilities" "^2.2.0"
    "@shopify/react-html" "^3.0.3"
    "@shopify/react-utilities" "2.0.0-beta.9"
    "@types/prop-types" "^15.5.2"
    "@types/react" "^16.3.5"
    "@types/react-dom" "^16.0.4"
    "@types/react-transition-group" "^2.0.7"
    babel-runtime "^6.23.0"
    core-js "^2.5.1"
    hoist-non-react-statics "^2.5.0"
    lodash "^4.17.4"
    lodash-decorators "^4.3.5"
    prop-types "^15.6.1"
    react-transition-group "^2.3.0"
    tslib "^1.8.0"

"@shopify/react-html@^3.0.3":
  version "3.0.3"
  resolved "https://registry.yarnpkg.com/@shopify/react-html/-/react-html-3.0.3.tgz#247773a23bdfa46769ac74112c09c4c2bd6785d8"
  dependencies:
    "@shopify/react-serialize" "^1.0.6"
    react-helmet "^5.2.0"

"@shopify/react-serialize@^1.0.6":
  version "1.0.6"
  resolved "https://registry.yarnpkg.com/@shopify/react-serialize/-/react-serialize-1.0.6.tgz#35c95eaae3a6b1cb75f483e3f832cd57c895d92b"
  dependencies:
    serialize-javascript "^1.5.0"

"@shopify/react-utilities@2.0.0-beta.9":
  version "2.0.0-beta.9"
  resolved "https://registry.yarnpkg.com/@shopify/react-utilities/-/react-utilities-2.0.0-beta.9.tgz#0b1df35bb7bc0369adc955c6ea59a743bffc1ef1"
  dependencies:
    "@shopify/javascript-utilities" "^2.1.0"
    "@types/classnames" "^2.2.3"
    "@types/node" "^8.0.41"
    "@types/react" "^16.0.10"
    classnames "^2.2.5"
    core-js "^2.5.1"

"@types/classnames@^2.2.3":
  version "2.2.6"
  resolved "https://registry.yarnpkg.com/@types/classnames/-/classnames-2.2.6.tgz#dbe8a666156d556ed018e15a4c65f08937c3f628"

"@types/lodash@^4.14.65":
  version "4.14.113"
  resolved "https://registry.yarnpkg.com/@types/lodash/-/lodash-4.14.113.tgz#1d1cb063f17fec4cc46f1a90d978ebf441113061"

"@types/node@*":
  version "10.5.3"
  resolved "https://registry.yarnpkg.com/@types/node/-/node-10.5.3.tgz#5bcfaf088ad17894232012877669634c06b20cc5"

"@types/node@^8.0.41":
  version "8.10.21"
  resolved "https://registry.yarnpkg.com/@types/node/-/node-8.10.21.tgz#12b3f2359b27aa05a45d886c8ba1eb8d1a77e285"

"@types/prop-types@^15.5.2":
  version "15.5.4"
  resolved "https://registry.yarnpkg.com/@types/prop-types/-/prop-types-15.5.4.tgz#9e6199bad131786e24c2baa2a82705a02139fbf8"
  dependencies:
    "@types/react" "*"

"@types/react-dom@^16.0.4":
  version "16.0.6"
  resolved "https://registry.yarnpkg.com/@types/react-dom/-/react-dom-16.0.6.tgz#f1a65a4e7be8ed5d123f8b3b9eacc913e35a1a3c"
  dependencies:
    "@types/node" "*"
    "@types/react" "*"

"@types/react-transition-group@^2.0.7":
  version "2.0.11"
  resolved "https://registry.yarnpkg.com/@types/react-transition-group/-/react-transition-group-2.0.11.tgz#feb274676a39383fffaa0dff710958d2251abefb"
  dependencies:
    "@types/react" "*"

"@types/react@*", "@types/react@^16.0.10", "@types/react@^16.0.2", "@types/react@^16.3.5":
  version "16.4.7"
  resolved "https://registry.yarnpkg.com/@types/react/-/react-16.4.7.tgz#f33f6d759a7e1833befa15224d68942d178a5a3f"
  dependencies:
    csstype "^2.2.0"

abbrev@1:
  version "1.1.1"
  resolved "https://registry.yarnpkg.com/abbrev/-/abbrev-1.1.1.tgz#f8f2c887ad10bf67f634f005b6987fed3179aac8"
  integrity sha512-nne9/IiQ/hzIhY6pdDnbBtz7DjPTKrY00P/zvPSm5pOFkl6xuGrGnXn/VtTNNfNtAfZ9/1RtehkszU9qcTii0Q==

babel-runtime@^6.23.0:
  version "6.26.0"
  resolved "https://registry.yarnpkg.com/babel-runtime/-/babel-runtime-6.26.0.tgz#965c7058668e82b55d7bfe04ff2337bc8b5647fe"
  dependencies:
    core-js "^2.4.0"
    regenerator-runtime "^0.11.0"

balanced-match@^1.0.0:
  version "1.0.0"
  resolved "https://registry.yarnpkg.com/balanced-match/-/balanced-match-1.0.0.tgz#89b4d199ab2bee49de164ea02b89ce462d71b767"
  integrity sha1-ibTRmasr7kneFk6gK4nORi1xt2c=

brace-expansion@^1.1.7:
  version "1.1.11"
  resolved "https://registry.yarnpkg.com/brace-expansion/-/brace-expansion-1.1.11.tgz#3c7fcbf529d87226f3d2f52b966ff5271eb441dd"
  integrity sha512-iCuPHDFgrHX7H2vEI/5xpz07zSHB00TpugqhmYtVmMO6518mCuRMoOYFldEBl0g187ufozdaHgWKcYFb61qGiA==
  dependencies:
    balanced-match "^1.0.0"
    concat-map "0.0.1"

classnames@^2.2.5:
  version "2.2.6"
  resolved "https://registry.yarnpkg.com/classnames/-/classnames-2.2.6.tgz#43935bffdd291f326dad0a205309b38d00f650ce"

commander@^2.19.0:
  version "2.20.0"
  resolved "https://registry.yarnpkg.com/commander/-/commander-2.20.0.tgz#d58bb2b5c1ee8f87b0d340027e9e94e222c5a422"
  integrity sha512-7j2y+40w61zy6YC2iRNpUe/NwhNyoXrYpHMrSunaMG64nRnaf96zO/KMQR4OyN/UnE5KLyEBnKHd4aG3rskjpQ==

concat-map@0.0.1:
  version "0.0.1"
  resolved "https://registry.yarnpkg.com/concat-map/-/concat-map-0.0.1.tgz#d8a96bd77fd68df7793a73036a3ba0d5405d477b"
  integrity sha1-2Klr13/Wjfd5OnMDajug1UBdR3s=

config-chain@^1.1.12:
  version "1.1.12"
  resolved "https://registry.yarnpkg.com/config-chain/-/config-chain-1.1.12.tgz#0fde8d091200eb5e808caf25fe618c02f48e4efa"
  integrity sha512-a1eOIcu8+7lUInge4Rpf/n4Krkf3Dd9lqhljRzII1/Zno/kRtUWnznPO3jOKBmTEktkt3fkxisUcivoj0ebzoA==
  dependencies:
    ini "^1.3.4"
    proto-list "~1.2.1"

core-js@^2.4.0, core-js@^2.5.1:
  version "2.5.7"
  resolved "https://registry.yarnpkg.com/core-js/-/core-js-2.5.7.tgz#f972608ff0cead68b841a16a932d0b183791814e"

csstype@^2.2.0:
  version "2.5.6"
  resolved "https://registry.yarnpkg.com/csstype/-/csstype-2.5.6.tgz#2ae1db2319642d8b80a668d2d025c6196071e788"

deep-equal@^1.0.1:
  version "1.0.1"
  resolved "https://registry.yarnpkg.com/deep-equal/-/deep-equal-1.0.1.tgz#f5d260292b660e084eff4cdbc9f08ad3247448b5"

dom-helpers@^3.3.1:
  version "3.3.1"
  resolved "https://registry.yarnpkg.com/dom-helpers/-/dom-helpers-3.3.1.tgz#fc1a4e15ffdf60ddde03a480a9c0fece821dd4a6"

editorconfig@^0.15.3:
  version "0.15.3"
  resolved "https://registry.yarnpkg.com/editorconfig/-/editorconfig-0.15.3.tgz#bef84c4e75fb8dcb0ce5cee8efd51c15999befc5"
  integrity sha512-M9wIMFx96vq0R4F+gRpY3o2exzb8hEj/n9S8unZtHSvYjibBp/iMufSzvmOcV/laG0ZtuTVGtiJggPOSW2r93g==
  dependencies:
    commander "^2.19.0"
    lru-cache "^4.1.5"
    semver "^5.6.0"
    sigmund "^1.0.1"

exenv@^1.2.1:
  version "1.2.2"
  resolved "https://registry.yarnpkg.com/exenv/-/exenv-1.2.2.tgz#2ae78e85d9894158670b03d47bec1f03bd91bb9d"

fs.realpath@^1.0.0:
  version "1.0.0"
  resolved "https://registry.yarnpkg.com/fs.realpath/-/fs.realpath-1.0.0.tgz#1504ad2523158caa40db4a2787cb01411994ea4f"
  integrity sha1-FQStJSMVjKpA20onh8sBQRmU6k8=

glob@^7.1.3:
  version "7.1.4"
  resolved "https://registry.yarnpkg.com/glob/-/glob-7.1.4.tgz#aa608a2f6c577ad357e1ae5a5c26d9a8d1969255"
  integrity sha512-hkLPepehmnKk41pUGm3sYxoFs/umurYfYJCerbXEyFIWcAzvpipAgVkBqqT9RBKMGjnq6kMuyYwha6csxbiM1A==
  dependencies:
    fs.realpath "^1.0.0"
    inflight "^1.0.4"
    inherits "2"
    minimatch "^3.0.4"
    once "^1.3.0"
    path-is-absolute "^1.0.0"

hoist-non-react-statics@^2.5.0:
  version "2.5.5"
  resolved "https://registry.yarnpkg.com/hoist-non-react-statics/-/hoist-non-react-statics-2.5.5.tgz#c5903cf409c0dfd908f388e619d86b9c1174cb47"

inflight@^1.0.4:
  version "1.0.6"
  resolved "https://registry.yarnpkg.com/inflight/-/inflight-1.0.6.tgz#49bd6331d7d02d0c09bc910a1075ba8165b56df9"
  integrity sha1-Sb1jMdfQLQwJvJEKEHW6gWW1bfk=
  dependencies:
    once "^1.3.0"
    wrappy "1"

inherits@2:
  version "2.0.3"
  resolved "https://registry.yarnpkg.com/inherits/-/inherits-2.0.3.tgz#633c2c83e3da42a502f52466022480f4208261de"
  integrity sha1-Yzwsg+PaQqUC9SRmAiSA9CCCYd4=

ini@^1.3.4:
  version "1.3.5"
  resolved "https://registry.yarnpkg.com/ini/-/ini-1.3.5.tgz#eee25f56db1c9ec6085e0c22778083f596abf927"
  integrity sha512-RZY5huIKCMRWDUqZlEi72f/lmXKMvuszcMBduliQ3nnWbx9X/ZBQO7DijMEYS9EhHBb2qacRUMtC7svLwe0lcw==

jquery@>=1.8.0:
  version "3.3.1"
  resolved "https://registry.yarnpkg.com/jquery/-/jquery-3.3.1.tgz#958ce29e81c9790f31be7792df5d4d95fc57fbca"

js-beautify@^1.8.8:
  version "1.10.0"
  resolved "https://registry.yarnpkg.com/js-beautify/-/js-beautify-1.10.0.tgz#9753a13c858d96828658cd18ae3ca0e5783ea672"
  integrity sha512-OMwf/tPDpE/BLlYKqZOhqWsd3/z2N3KOlyn1wsCRGFwViE8LOQTcDtathQvHvZc+q+zWmcNAbwKSC+iJoMaH2Q==
  dependencies:
    config-chain "^1.1.12"
    editorconfig "^0.15.3"
    glob "^7.1.3"
    mkdirp "~0.5.1"
    nopt "~4.0.1"

"js-tokens@^3.0.0 || ^4.0.0":
  version "4.0.0"
  resolved "https://registry.yarnpkg.com/js-tokens/-/js-tokens-4.0.0.tgz#19203fb59991df98e3a287050d4647cdeaf32499"

liquid.js@^1.3.2:
  version "1.3.2"
  resolved "https://registry.yarnpkg.com/liquid.js/-/liquid.js-1.3.2.tgz#e45dfc15a1587bd93f015624ee0425e21cc1a87d"

lodash-decorators@^4.3.5:
  version "4.5.0"
  resolved "https://registry.yarnpkg.com/lodash-decorators/-/lodash-decorators-4.5.0.tgz#a4bb63dfbb512f0dd9409f7af452e4e2edcb80f4"
  dependencies:
    tslib "^1.7.1"

lodash@^4.17.4:
  version "4.17.10"
  resolved "https://registry.yarnpkg.com/lodash/-/lodash-4.17.10.tgz#1b7793cf7259ea38fb3661d4d38b3260af8ae4e7"

loose-envify@^1.3.1:
  version "1.4.0"
  resolved "https://registry.yarnpkg.com/loose-envify/-/loose-envify-1.4.0.tgz#71ee51fa7be4caec1a63839f7e682d8132d30caf"
  dependencies:
    js-tokens "^3.0.0 || ^4.0.0"

lru-cache@^4.1.5:
  version "4.1.5"
  resolved "https://registry.yarnpkg.com/lru-cache/-/lru-cache-4.1.5.tgz#8bbe50ea85bed59bc9e33dcab8235ee9bcf443cd"
  integrity sha512-sWZlbEP2OsHNkXrMl5GYk/jKk70MBng6UU4YI/qGDYbgf6YbP4EvmqISbXCoJiRKs+1bSpFHVgQxvJ17F2li5g==
  dependencies:
    pseudomap "^1.0.2"
    yallist "^2.1.2"

minimatch@^3.0.4:
  version "3.0.4"
  resolved "https://registry.yarnpkg.com/minimatch/-/minimatch-3.0.4.tgz#5166e286457f03306064be5497e8dbb0c3d32083"
  integrity sha512-yJHVQEhyqPLUTgt9B83PXu6W3rx4MvvHvSUvToogpwoGDOUQ+yDrR0HRot+yOCdCO7u4hX3pWft6kWBBcqh0UA==
  dependencies:
    brace-expansion "^1.1.7"

minimist@0.0.8:
  version "0.0.8"
  resolved "https://registry.yarnpkg.com/minimist/-/minimist-0.0.8.tgz#857fcabfc3397d2625b8228262e86aa7a011b05d"
  integrity sha1-hX/Kv8M5fSYluCKCYuhqp6ARsF0=

mkdirp@~0.5.1:
  version "0.5.1"
  resolved "https://registry.yarnpkg.com/mkdirp/-/mkdirp-0.5.1.tgz#30057438eac6cf7f8c4767f38648d6697d75c903"
  integrity sha1-MAV0OOrGz3+MR2fzhkjWaX11yQM=
  dependencies:
    minimist "0.0.8"

nopt@~4.0.1:
  version "4.0.1"
  resolved "https://registry.yarnpkg.com/nopt/-/nopt-4.0.1.tgz#d0d4685afd5415193c8c7505602d0d17cd64474d"
  integrity sha1-0NRoWv1UFRk8jHUFYC0NF81kR00=
  dependencies:
    abbrev "1"
    osenv "^0.1.4"

object-assign@^4.1.1:
  version "4.1.1"
  resolved "https://registry.yarnpkg.com/object-assign/-/object-assign-4.1.1.tgz#2109adc7965887cfc05cbbd442cac8bfbb360863"

once@^1.3.0:
  version "1.4.0"
  resolved "https://registry.yarnpkg.com/once/-/once-1.4.0.tgz#583b1aa775961d4b113ac17d9c50baef9dd76bd1"
  integrity sha1-WDsap3WWHUsROsF9nFC6753Xa9E=
  dependencies:
    wrappy "1"

os-homedir@^1.0.0:
  version "1.0.2"
  resolved "https://registry.yarnpkg.com/os-homedir/-/os-homedir-1.0.2.tgz#ffbc4988336e0e833de0c168c7ef152121aa7fb3"
  integrity sha1-/7xJiDNuDoM94MFox+8VISGqf7M=

os-tmpdir@^1.0.0:
  version "1.0.2"
  resolved "https://registry.yarnpkg.com/os-tmpdir/-/os-tmpdir-1.0.2.tgz#bbe67406c79aa85c5cfec766fe5734555dfa1274"
  integrity sha1-u+Z0BseaqFxc/sdm/lc0VV36EnQ=

osenv@^0.1.4:
  version "0.1.5"
  resolved "https://registry.yarnpkg.com/osenv/-/osenv-0.1.5.tgz#85cdfafaeb28e8677f416e287592b5f3f49ea410"
  integrity sha512-0CWcCECdMVc2Rw3U5w9ZjqX6ga6ubk1xDVKxtBQPK7wis/0F2r9T6k4ydGYhecl7YUBxBVxhL5oisPsNxAPe2g==
  dependencies:
    os-homedir "^1.0.0"
    os-tmpdir "^1.0.0"

parsleyjs@^2.9.1:
  version "2.9.1"
  resolved "https://registry.yarnpkg.com/parsleyjs/-/parsleyjs-2.9.1.tgz#fd79f7a1b1fe9138993b5e82f9bbc3e38fd3763d"
  integrity sha512-2WSe+HsOZEPqXh9bFdi/vgWNQtGRRnAgS3v12qesMAabxVdLE7Oj7b+2UzcZ80eG23g1SxiMUH978Dk/wSkt+w==
  dependencies:
    jquery ">=1.8.0"

path-is-absolute@^1.0.0:
  version "1.0.1"
  resolved "https://registry.yarnpkg.com/path-is-absolute/-/path-is-absolute-1.0.1.tgz#174b9268735534ffbc7ace6bf53a5a9e1b5c5f5f"
  integrity sha1-F0uSaHNVNP+8es5r9TpanhtcX18=

prop-types@^15.5.4, prop-types@^15.6.1, prop-types@^15.6.2:
  version "15.6.2"
  resolved "https://registry.yarnpkg.com/prop-types/-/prop-types-15.6.2.tgz#05d5ca77b4453e985d60fc7ff8c859094a497102"
  dependencies:
    loose-envify "^1.3.1"
    object-assign "^4.1.1"

proto-list@~1.2.1:
  version "1.2.4"
  resolved "https://registry.yarnpkg.com/proto-list/-/proto-list-1.2.4.tgz#212d5bfe1318306a420f6402b8e26ff39647a849"
  integrity sha1-IS1b/hMYMGpCD2QCuOJv85ZHqEk=

pseudomap@^1.0.2:
  version "1.0.2"
  resolved "https://registry.yarnpkg.com/pseudomap/-/pseudomap-1.0.2.tgz#f052a28da70e618917ef0a8ac34c1ae5a68286b3"
  integrity sha1-8FKijacOYYkX7wqKw0wa5aaChrM=

react-helmet@^5.2.0:
  version "5.2.0"
  resolved "https://registry.yarnpkg.com/react-helmet/-/react-helmet-5.2.0.tgz#a81811df21313a6d55c5f058c4aeba5d6f3d97a7"
  dependencies:
    deep-equal "^1.0.1"
    object-assign "^4.1.1"
    prop-types "^15.5.4"
    react-side-effect "^1.1.0"

react-lifecycles-compat@^3.0.4:
  version "3.0.4"
  resolved "https://registry.yarnpkg.com/react-lifecycles-compat/-/react-lifecycles-compat-3.0.4.tgz#4f1a273afdfc8f3488a8c516bfda78f872352362"

react-side-effect@^1.1.0:
  version "1.1.5"
  resolved "https://registry.yarnpkg.com/react-side-effect/-/react-side-effect-1.1.5.tgz#f26059e50ed9c626d91d661b9f3c8bb38cd0ff2d"
  dependencies:
    exenv "^1.2.1"
    shallowequal "^1.0.1"

react-transition-group@^2.3.0:
  version "2.4.0"
  resolved "https://registry.yarnpkg.com/react-transition-group/-/react-transition-group-2.4.0.tgz#1d9391fabfd82e016f26fabd1eec329dbd922b5a"
  dependencies:
    dom-helpers "^3.3.1"
    loose-envify "^1.3.1"
    prop-types "^15.6.2"
    react-lifecycles-compat "^3.0.4"

regenerator-runtime@^0.11.0:
  version "0.11.1"
  resolved "https://registry.yarnpkg.com/regenerator-runtime/-/regenerator-runtime-0.11.1.tgz#be05ad7f9bf7d22e056f9726cee5017fbf19e2e9"

semver@^5.6.0:
  version "5.7.0"
  resolved "https://registry.yarnpkg.com/semver/-/semver-5.7.0.tgz#790a7cf6fea5459bac96110b29b60412dc8ff96b"
  integrity sha512-Ya52jSX2u7QKghxeoFGpLwCtGlt7j0oY9DYb5apt9nPlJ42ID+ulTXESnt/qAQcoSERyZ5sl3LDIOw0nAn/5DA==

serialize-javascript@^1.5.0:
  version "1.5.0"
  resolved "https://registry.yarnpkg.com/serialize-javascript/-/serialize-javascript-1.5.0.tgz#1aa336162c88a890ddad5384baebc93a655161fe"

shallowequal@^1.0.1:
  version "1.1.0"
  resolved "https://registry.yarnpkg.com/shallowequal/-/shallowequal-1.1.0.tgz#188d521de95b9087404fd4dcb68b13df0ae4e7f8"

sigmund@^1.0.1:
  version "1.0.1"
  resolved "https://registry.yarnpkg.com/sigmund/-/sigmund-1.0.1.tgz#3ff21f198cad2175f9f3b781853fd94d0d19b590"
  integrity sha1-P/IfGYytIXX587eBhT/ZTQ0ZtZA=

tslib@^1.7.1, tslib@^1.8.0:
  version "1.9.3"
  resolved "https://registry.yarnpkg.com/tslib/-/tslib-1.9.3.tgz#d7e4dd79245d85428c4d7e4822a79917954ca286"

wrappy@1:
  version "1.0.2"
  resolved "https://registry.yarnpkg.com/wrappy/-/wrappy-1.0.2.tgz#b5243d8f3ec1aa35f1364605bc0d1036e30ab69f"
  integrity sha1-tSQ9jz7BqjXxNkYFvA0QNuMKtp8=

yallist@^2.1.2:
  version "2.1.2"
  resolved "https://registry.yarnpkg.com/yallist/-/yallist-2.1.2.tgz#1c11f9218f076089a47dd512f93c6699a6a81d52"
  integrity sha1-HBH5IY8HYImkfdUS+TxmmaaoHVI=

zepto@^1.2.0:
  version "1.2.0"
  resolved "https://registry.yarnpkg.com/zepto/-/zepto-1.2.0.tgz#e127bd9e66fd846be5eab48c1394882f7c0e4f98"
